
Microsoft Visual Studio Solution File, Format Version 12.00
# Visual Studio Version 17
VisualStudioVersion = 17.11.35222.181
MinimumVisualStudioVersion = 10.0.40219.1
Project("{FAE04EC0-301F-11D3-BF4B-00C04F79EFBC}") = "CustomInputs", "CustomInputs\CustomInputs.csproj", "{F79EB33D-9AF8-41CC-97AD-5CE9E902857E}"
EndProject
Project("{FAE04EC0-301F-11D3-BF4B-00C04F79EFBC}") = "CustomInput.Components", "CustomInput.Components\CustomInput.Components.csproj", "{05EA5B9E-D3B6-4459-8B5B-717E3F5447B8}"
EndProject
Global
	GlobalSection(SolutionConfigurationPlatforms) = preSolution
		Debug|Any CPU = Debug|Any CPU
		Release|Any CPU = Release|Any CPU
	EndGlobalSection
	GlobalSection(ProjectConfigurationPlatforms) = postSolution
		{F79EB33D-9AF8-41CC-97AD-5CE9E902857E}.Debug|Any CPU.ActiveCfg = Debug|Any CPU
		{F79EB33D-9AF8-41CC-97AD-5CE9E902857E}.Debug|Any CPU.Build.0 = Debug|Any CPU
		{F79EB33D-9AF8-41CC-97AD-5CE9E902857E}.Release|Any CPU.ActiveCfg = Release|Any CPU
		{F79EB33D-9AF8-41CC-97AD-5CE9E902857E}.Release|Any CPU.Build.0 = Release|Any CPU
		{05EA5B9E-D3B6-4459-8B5B-717E3F5447B8}.Debug|Any CPU.ActiveCfg = Debug|Any CPU
		{05EA5B9E-D3B6-4459-8B5B-717E3F5447B8}.Debug|Any CPU.Build.0 = Debug|Any CPU
		{05EA5B9E-D3B6-4459-8B5B-717E3F5447B8}.Release|Any CPU.ActiveCfg = Release|Any CPU
		{05EA5B9E-D3B6-4459-8B5B-717E3F5447B8}.Release|Any CPU.Build.0 = Release|Any CPU
	EndGlobalSection
	GlobalSection(SolutionProperties) = preSolution
		HideSolutionNode = FALSE
	EndGlobalSection
	GlobalSection(ExtensibilityGlobals) = postSolution
		SolutionGuid = {33102F0A-33C9-467B-A0AA-CD50739949E5}
	EndGlobalSection
EndGlobal
